
Microsoft Visual Studio Solution File, Format Version 12.00
# Visual Studio Version 17
VisualStudioVersion = 17.5.002.0
MinimumVisualStudioVersion = 10.0.40219.1
Project("{9A19103F-16F7-4668-BE54-9A1E7A4F7556}") = "Chess-Challenge", "Chess-Challenge.csproj", "{4CCF64E6-E2F9-41D8-B7AC-8E5CC1F3C221}"
EndProject
Global
	GlobalSection(SolutionConfigurationPlatforms) = preSolution
		Debug|Any CPU = Debug|Any CPU
		Release|Any CPU = Release|Any CPU
	EndGlobalSection
	GlobalSection(ProjectConfigurationPlatforms) = postSolution
		{4CCF64E6-E2F9-41D8-B7AC-8E5CC1F3C221}.Debug|Any CPU.ActiveCfg = Debug|Any CPU
		{4CCF64E6-E2F9-41D8-B7AC-8E5CC1F3C221}.Debug|Any CPU.Build.0 = Debug|Any CPU
		{4CCF64E6-E2F9-41D8-B7AC-8E5CC1F3C221}.Release|Any CPU.ActiveCfg = Release|Any CPU
		{4CCF64E6-E2F9-41D8-B7AC-8E5CC1F3C221}.Release|Any CPU.Build.0 = Release|Any CPU
	EndGlobalSection
	GlobalSection(SolutionProperties) = preSolution
		HideSolutionNode = FALSE
	EndGlobalSection
	GlobalSection(ExtensibilityGlobals) = postSolution
		SolutionGuid = {C1ACAEF6-3E82-420E-88E8-BB037BAC5794}
	EndGlobalSection
EndGlobal
